<?xml version="1.0" encoding="utf-8"?>
<Project ToolsVersion="4.0" xmlns="http://schemas.microsoft.com/developer/msbuild/2003">
  <ItemGroup>
    <ClCompile Include="Code\Core\Draw.cpp" />
    <ClCompile Include="Code\Core\Load.cpp" />
    <ClCompile Include="Code\Core\PollEvents.cpp" />
    <ClCompile Include="Code\Core\Update.cpp" />
    <ClCompile Include="Code\States\Gameover\Gameover.cpp" />
    <ClCompile Include="Code\States\Game\Actor\BasicCube.cpp" />
    <ClCompile Include="Code\States\Game\Game.cpp" />
    <ClCompile Include="Code\States\Menu\Menu.cpp" />
    <ClCompile Include="Common.cpp" />
    <ClCompile Include="Dependencies\include\ImGui\imgui-SFML.cpp" />
    <ClCompile Include="Dependencies\include\ImGui\imgui.cpp" />
    <ClCompile Include="Dependencies\include\ImGui\imgui_draw.cpp" />
    <ClCompile Include="Dependencies\include\ImGui\imgui_tables.cpp" />
    <ClCompile Include="Dependencies\include\ImGui\imgui_widgets.cpp" />
    <ClCompile Include="GameData.cpp" />
    <ClCompile Include="Main.cpp" />
    <ClCompile Include="Tools\AssetsManager.cpp" />
    <ClCompile Include="Tools\Effects\Particle.cpp" />
    <ClCompile Include="Tools\Scene.cpp" />
    <ClCompile Include="Code\States\Game\Actor\Player\Player.cpp" />
    <ClCompile Include="Tools\Miscellaneous\Actor.cpp" />
    <ClCompile Include="Tools\Miscellaneous\Animation.cpp" />
    <ClCompile Include="Tools\Debug\DebugViewer.cpp" />
    <ClCompile Include="Tools\Debug\ImGuiManager.cpp" />
    <ClCompile Include="Tools\Miscellaneous\Inputs.cpp" />
    <ClCompile Include="Tools\Debug\Logger.cpp" />
    <ClCompile Include="Tools\Physics\Motion.cpp" />
    <ClCompile Include="Tools\Physics\Physics.cpp" />
    <ClCompile Include="Tools\Miscellaneous\Sprite.cpp" />
    <ClCompile Include="Tools\Miscellaneous\Text.cpp" />
    <ClCompile Include="Code\States\LevelEditor\EditorCamera.cpp" />
    <ClCompile Include="Code\States\LevelEditor\EditorGrid.cpp" />
    <ClCompile Include="Code\States\LevelEditor\SelectionManager.cpp" />
    <ClCompile Include="Tools\Map\Layer.cpp" />
    <ClCompile Include="Tools\Map\Map.cpp" />
    <ClCompile Include="Tools\Json\jsoncpp.cpp" />
    <ClCompile Include="Code\States\Game\Actor\Interactable\Box.cpp" />
    <ClCompile Include="Code\States\Game\Actor\Interactable\Button.cpp" />
    <ClCompile Include="Code\States\Game\Actor\Interactable\Interactable.cpp" />
    <ClCompile Include="Code\States\Game\Actor\Interactable\Key.cpp" />
    <ClCompile Include="Tools\UI\AutoUi.cpp" />
    <ClCompile Include="Code\States\Game\Actor\Interactable\FireTrap.cpp" />
    <ClCompile Include="Code\States\Game\Actor\Interactable\SpikeTrap.cpp" />
    <ClCompile Include="Code\States\Game\Actor\Player\PlayerUi.cpp" />
    <ClCompile Include="Code\States\Game\Actor\Interactable\Door.cpp" />
    <ClCompile Include="Tools\Miscellaneous\Vec2.cpp" />
    <ClCompile Include="Code\States\Game\HUD.cpp" />
    <ClCompile Include="Tools\Parser\Parser.cpp" />
    <ClCompile Include="Code\States\Game\Actor\Teleporter.cpp" />
  </ItemGroup>
  <ItemGroup>
    <ClInclude Include="Code\Core\Draw.hpp" />
    <ClInclude Include="Code\States\Gameover\Gameover.hpp" />
    <ClInclude Include="Code\States\Game\Actor\BasicCube.hpp" />
    <ClInclude Include="Code\States\Game\Game.hpp" />
    <ClInclude Include="Code\Core\Load.hpp" />
    <ClInclude Include="Code\Core\PollEvents.hpp" />
    <ClInclude Include="Code\Core\Update.hpp" />
    <ClInclude Include="Code\States\Menu\Menu.hpp" />
    <ClInclude Include="Common.hpp" />
    <ClInclude Include="Dependencies\include\GL\freeglut.h" />
    <ClInclude Include="Dependencies\include\GL\freeglut_ext.h" />
    <ClInclude Include="Dependencies\include\GL\freeglut_std.h" />
    <ClInclude Include="Dependencies\include\GL\glew.h" />
    <ClInclude Include="Dependencies\include\GL\glext.h" />
    <ClInclude Include="Dependencies\include\GL\glut.h" />
    <ClInclude Include="Dependencies\include\GL\glxew.h" />
    <ClInclude Include="Dependencies\include\GL\glxext.h" />
    <ClInclude Include="Dependencies\include\GL\wglew.h" />
    <ClInclude Include="Dependencies\include\GL\wglext.h" />
    <ClInclude Include="Dependencies\include\ImGui\imconfig-SFML.h" />
    <ClInclude Include="Dependencies\include\ImGui\imconfig.h" />
    <ClInclude Include="Dependencies\include\ImGui\imgui-SFML.h" />
    <ClInclude Include="Dependencies\include\ImGui\imgui-SFML_export.h" />
    <ClInclude Include="Dependencies\include\ImGui\imgui.h" />
    <ClInclude Include="Dependencies\include\ImGui\imgui_internal.h" />
    <ClInclude Include="Dependencies\include\ImGui\imstb_rectpack.h" />
    <ClInclude Include="Dependencies\include\ImGui\imstb_textedit.h" />
    <ClInclude Include="Dependencies\include\ImGui\imstb_truetype.h" />
    <ClInclude Include="Dependencies\include\SFML\Audio.hpp" />
    <ClInclude Include="Dependencies\include\SFML\Audio\AlResource.hpp" />
    <ClInclude Include="Dependencies\include\SFML\Audio\Export.hpp" />
    <ClInclude Include="Dependencies\include\SFML\Audio\InputSoundFile.hpp" />
    <ClInclude Include="Dependencies\include\SFML\Audio\Listener.hpp" />
    <ClInclude Include="Dependencies\include\SFML\Audio\Music.hpp" />
    <ClInclude Include="Dependencies\include\SFML\Audio\OutputSoundFile.hpp" />
    <ClInclude Include="Dependencies\include\SFML\Audio\Sound.hpp" />
    <ClInclude Include="Dependencies\include\SFML\Audio\SoundBuffer.hpp" />
    <ClInclude Include="Dependencies\include\SFML\Audio\SoundBufferRecorder.hpp" />
    <ClInclude Include="Dependencies\include\SFML\Audio\SoundFileFactory.hpp" />
    <ClInclude Include="Dependencies\include\SFML\Audio\SoundFileReader.hpp" />
    <ClInclude Include="Dependencies\include\SFML\Audio\SoundFileWriter.hpp" />
    <ClInclude Include="Dependencies\include\SFML\Audio\SoundRecorder.hpp" />
    <ClInclude Include="Dependencies\include\SFML\Audio\SoundSource.hpp" />
    <ClInclude Include="Dependencies\include\SFML\Audio\SoundStream.hpp" />
    <ClInclude Include="Dependencies\include\SFML\Config.hpp" />
    <ClInclude Include="Dependencies\include\SFML\GpuPreference.hpp" />
    <ClInclude Include="Dependencies\include\SFML\Graphics.hpp" />
    <ClInclude Include="Dependencies\include\SFML\Graphics\BlendMode.hpp" />
    <ClInclude Include="Dependencies\include\SFML\Graphics\CircleShape.hpp" />
    <ClInclude Include="Dependencies\include\SFML\Graphics\Color.hpp" />
    <ClInclude Include="Dependencies\include\SFML\Graphics\ConvexShape.hpp" />
    <ClInclude Include="Dependencies\include\SFML\Graphics\Drawable.hpp" />
    <ClInclude Include="Dependencies\include\SFML\Graphics\Export.hpp" />
    <ClInclude Include="Dependencies\include\SFML\Graphics\Font.hpp" />
    <ClInclude Include="Dependencies\include\SFML\Graphics\Glsl.hpp" />
    <ClInclude Include="Dependencies\include\SFML\Graphics\Glyph.hpp" />
    <ClInclude Include="Dependencies\include\SFML\Graphics\Image.hpp" />
    <ClInclude Include="Dependencies\include\SFML\Graphics\PrimitiveType.hpp" />
    <ClInclude Include="Dependencies\include\SFML\Graphics\Rect.hpp" />
    <ClInclude Include="Dependencies\include\SFML\Graphics\RectangleShape.hpp" />
    <ClInclude Include="Dependencies\include\SFML\Graphics\RenderStates.hpp" />
    <ClInclude Include="Dependencies\include\SFML\Graphics\RenderTarget.hpp" />
    <ClInclude Include="Dependencies\include\SFML\Graphics\RenderTexture.hpp" />
    <ClInclude Include="Dependencies\include\SFML\Graphics\RenderWindow.hpp" />
    <ClInclude Include="Dependencies\include\SFML\Graphics\Shader.hpp" />
    <ClInclude Include="Dependencies\include\SFML\Graphics\Shape.hpp" />
    <ClInclude Include="Dependencies\include\SFML\Graphics\Sprite.hpp" />
    <ClInclude Include="Dependencies\include\SFML\Graphics\Text.hpp" />
    <ClInclude Include="Dependencies\include\SFML\Graphics\Texture.hpp" />
    <ClInclude Include="Dependencies\include\SFML\Graphics\Transform.hpp" />
    <ClInclude Include="Dependencies\include\SFML\Graphics\Transformable.hpp" />
    <ClInclude Include="Dependencies\include\SFML\Graphics\Vertex.hpp" />
    <ClInclude Include="Dependencies\include\SFML\Graphics\VertexArray.hpp" />
    <ClInclude Include="Dependencies\include\SFML\Graphics\VertexBuffer.hpp" />
    <ClInclude Include="Dependencies\include\SFML\Graphics\View.hpp" />
    <ClInclude Include="Dependencies\include\SFML\Main.hpp" />
    <ClInclude Include="Dependencies\include\SFML\Network.hpp" />
    <ClInclude Include="Dependencies\include\SFML\Network\Export.hpp" />
    <ClInclude Include="Dependencies\include\SFML\Network\Ftp.hpp" />
    <ClInclude Include="Dependencies\include\SFML\Network\Http.hpp" />
    <ClInclude Include="Dependencies\include\SFML\Network\IpAddress.hpp" />
    <ClInclude Include="Dependencies\include\SFML\Network\Packet.hpp" />
    <ClInclude Include="Dependencies\include\SFML\Network\Socket.hpp" />
    <ClInclude Include="Dependencies\include\SFML\Network\SocketHandle.hpp" />
    <ClInclude Include="Dependencies\include\SFML\Network\SocketSelector.hpp" />
    <ClInclude Include="Dependencies\include\SFML\Network\TcpListener.hpp" />
    <ClInclude Include="Dependencies\include\SFML\Network\TcpSocket.hpp" />
    <ClInclude Include="Dependencies\include\SFML\Network\UdpSocket.hpp" />
    <ClInclude Include="Dependencies\include\SFML\OpenGL.hpp" />
    <ClInclude Include="Dependencies\include\SFML\System.hpp" />
    <ClInclude Include="Dependencies\include\SFML\System\Clock.hpp" />
    <ClInclude Include="Dependencies\include\SFML\System\Err.hpp" />
    <ClInclude Include="Dependencies\include\SFML\System\Export.hpp" />
    <ClInclude Include="Dependencies\include\SFML\System\FileInputStream.hpp" />
    <ClInclude Include="Dependencies\include\SFML\System\InputStream.hpp" />
    <ClInclude Include="Dependencies\include\SFML\System\Lock.hpp" />
    <ClInclude Include="Dependencies\include\SFML\System\MemoryInputStream.hpp" />
    <ClInclude Include="Dependencies\include\SFML\System\Mutex.hpp" />
    <ClInclude Include="Dependencies\include\SFML\System\NativeActivity.hpp" />
    <ClInclude Include="Dependencies\include\SFML\System\NonCopyable.hpp" />
    <ClInclude Include="Dependencies\include\SFML\System\Sleep.hpp" />
    <ClInclude Include="Dependencies\include\SFML\System\String.hpp" />
    <ClInclude Include="Dependencies\include\SFML\System\Thread.hpp" />
    <ClInclude Include="Dependencies\include\SFML\System\ThreadLocal.hpp" />
    <ClInclude Include="Dependencies\include\SFML\System\ThreadLocalPtr.hpp" />
    <ClInclude Include="Dependencies\include\SFML\System\Time.hpp" />
    <ClInclude Include="Dependencies\include\SFML\System\Utf.hpp" />
    <ClInclude Include="Dependencies\include\SFML\System\Vector2.hpp" />
    <ClInclude Include="Dependencies\include\SFML\System\Vector3.hpp" />
    <ClInclude Include="Dependencies\include\SFML\Window.hpp" />
    <ClInclude Include="Dependencies\include\SFML\Window\Clipboard.hpp" />
    <ClInclude Include="Dependencies\include\SFML\Window\Context.hpp" />
    <ClInclude Include="Dependencies\include\SFML\Window\ContextSettings.hpp" />
    <ClInclude Include="Dependencies\include\SFML\Window\Cursor.hpp" />
    <ClInclude Include="Dependencies\include\SFML\Window\Event.hpp" />
    <ClInclude Include="Dependencies\include\SFML\Window\Export.hpp" />
    <ClInclude Include="Dependencies\include\SFML\Window\GlResource.hpp" />
    <ClInclude Include="Dependencies\include\SFML\Window\Joystick.hpp" />
    <ClInclude Include="Dependencies\include\SFML\Window\Keyboard.hpp" />
    <ClInclude Include="Dependencies\include\SFML\Window\Mouse.hpp" />
    <ClInclude Include="Dependencies\include\SFML\Window\Sensor.hpp" />
    <ClInclude Include="Dependencies\include\SFML\Window\Touch.hpp" />
    <ClInclude Include="Dependencies\include\SFML\Window\VideoMode.hpp" />
    <ClInclude Include="Dependencies\include\SFML\Window\Window.hpp" />
    <ClInclude Include="Dependencies\include\SFML\Window\WindowHandle.hpp" />
    <ClInclude Include="Dependencies\include\SFML\Window\WindowStyle.hpp" />
    <ClInclude Include="GameData.hpp" />
    <ClInclude Include="Tools\AssetsManager.hpp" />
    <ClInclude Include="Tools\Effects\Particle.hpp" />
    <ClInclude Include="Tools\Scene.hpp" />
    <ClInclude Include="Tools\SceneManager.hpp" />
    <ClInclude Include="Code\States\Game\Actor\Player\Player.hpp" />
    <ClInclude Include="Tools\Overload\OperatorOverloading.hpp" />
    <ClInclude Include="Tools\Miscellaneous\Actor.hpp" />
    <ClInclude Include="Tools\Miscellaneous\Animation.hpp" />
    <ClInclude Include="Tools\Miscellaneous\Array.hpp" />
    <ClInclude Include="Tools\Debug\DebugViewer.hpp" />
    <ClInclude Include="Tools\Miscellaneous\Delegate.hpp" />
    <ClInclude Include="Tools\Debug\ImGuiManager.hpp" />
    <ClInclude Include="Tools\Miscellaneous\Inputs.hpp" />
    <ClInclude Include="Tools\Debug\Logger.hpp" />
    <ClInclude Include="Tools\Physics\Motion.hpp" />
    <ClInclude Include="Tools\Physics\Physics.hpp" />
    <ClInclude Include="Tools\Miscellaneous\Sprite.hpp" />
    <ClInclude Include="Tools\Miscellaneous\Text.hpp" />
    <ClInclude Include="Dependencies\include\box2d\base.h" />
    <ClInclude Include="Dependencies\include\box2d\box2d.h" />
    <ClInclude Include="Dependencies\include\box2d\collision.h" />
    <ClInclude Include="Dependencies\include\box2d\id.h" />
    <ClInclude Include="Dependencies\include\box2d\math_functions.h" />
    <ClInclude Include="Dependencies\include\box2d\types.h" />
    <ClInclude Include="Code\States\LevelEditor\EditorCamera.hpp" />
    <ClInclude Include="Code\States\LevelEditor\EditorGrid.hpp" />
    <ClInclude Include="Code\States\LevelEditor\SelectionManager.hpp" />
    <ClInclude Include="Tools\Map\Layer.hpp" />
    <ClInclude Include="Tools\Map\Map.hpp" />
    <ClInclude Include="..\Dependencies\include\JSON\json-forwards.h" />
    <ClInclude Include="..\Dependencies\include\JSON\json.h" />
    <ClInclude Include="Dependencies\JSON\json.h" />
    <ClInclude Include="Dependencies\JSON\json-forwards.h" />
    <ClInclude Include="Code\States\Game\Actor\Interactable\Box.hpp" />
    <ClInclude Include="Code\States\Game\Actor\Interactable\Button.hpp" />
    <ClInclude Include="Code\States\Game\Actor\Interactable\Interactable.hpp" />
    <ClInclude Include="Code\States\Game\Actor\Interactable\Key.hpp" />
    <ClInclude Include="Tools\UI\AutoUi.hpp" />
    <ClInclude Include="Code\States\Game\Actor\Interactable\FireTrap.hpp" />
    <ClInclude Include="Code\States\Game\Actor\Interactable\SpikeTrap.hpp" />
    <ClInclude Include="Code\States\Game\Actor\Player\PlayerUi.hpp" />
    <ClInclude Include="Code\States\Game\Actor\Interactable\Door.hpp" />
    <ClInclude Include="Tools\Miscellaneous\Vec2.hpp" />
    <ClInclude Include="Code\States\Game\HUD.hpp" />
    <ClInclude Include="Tools\Parser\Parser.hpp" />
    <ClInclude Include="Code\States\Game\Actor\Teleporter.hpp" />
  </ItemGroup>
  <ItemGroup>
    <Library Include="Dependencies\lib\Debug\freeglut.lib" />
    <Library Include="Dependencies\lib\Debug\glew64.lib" />
    <Library Include="Dependencies\lib\Debug\sfml-audio-d.lib" />
    <Library Include="Dependencies\lib\Debug\sfml-graphics-d.lib" />
    <Library Include="Dependencies\lib\Debug\sfml-main-d.lib" />
    <Library Include="Dependencies\lib\Debug\sfml-network-d.lib" />
    <Library Include="Dependencies\lib\Debug\sfml-system-d.lib" />
    <Library Include="Dependencies\lib\Debug\sfml-window-d.lib" />
    <Library Include="Dependencies\lib\Release\freeglut.lib" />
    <Library Include="Dependencies\lib\Release\glew64.lib" />
    <Library Include="Dependencies\lib\Release\sfml-audio.lib" />
    <Library Include="Dependencies\lib\Release\sfml-graphics.lib" />
    <Library Include="Dependencies\lib\Release\sfml-main.lib" />
    <Library Include="Dependencies\lib\Release\sfml-network.lib" />
    <Library Include="Dependencies\lib\Release\sfml-system.lib" />
    <Library Include="Dependencies\lib\Release\sfml-window.lib" />
    <Library Include="Dependencies\lib\Release\box2d.lib" />
    <Library Include="Dependencies\lib\Debug\box2dd.lib" />
  </ItemGroup>
  <ItemGroup>
    <None Include="Dependencies\DLL\x64\Debug\openal32.dll" />
    <None Include="Dependencies\DLL\x64\Debug\sfml-audio-d-2.dll" />
    <None Include="Dependencies\DLL\x64\Debug\sfml-graphics-d-2.dll" />
    <None Include="Dependencies\DLL\x64\Debug\sfml-network-d-2.dll" />
    <None Include="Dependencies\DLL\x64\Debug\sfml-system-d-2.dll" />
    <None Include="Dependencies\DLL\x64\Debug\sfml-window-d-2.dll" />
    <None Include="Dependencies\DLL\x64\Release\glew64.dll" />
    <None Include="Dependencies\DLL\x64\Release\openal32.dll" />
    <None Include="Dependencies\DLL\x64\Release\sfml-audio-2.dll" />
    <None Include="Dependencies\DLL\x64\Release\sfml-graphics-2.dll" />
    <None Include="Dependencies\DLL\x64\Release\sfml-network-2.dll" />
    <None Include="Dependencies\DLL\x64\Release\sfml-system-2.dll" />
    <None Include="Dependencies\DLL\x64\Release\sfml-window-2.dll" />
    <None Include="Dependencies\include\SFML\Audio\SoundFileFactory.inl" />
    <None Include="Dependencies\include\SFML\Graphics\Glsl.inl" />
    <None Include="Dependencies\include\SFML\Graphics\Rect.inl" />
    <None Include="Dependencies\include\SFML\System\String.inl" />
    <None Include="Dependencies\include\SFML\System\Thread.inl" />
    <None Include="Dependencies\include\SFML\System\ThreadLocalPtr.inl" />
    <None Include="Dependencies\include\SFML\System\Utf.inl" />
    <None Include="Dependencies\include\SFML\System\Vector2.inl" />
    <None Include="Dependencies\include\SFML\System\Vector3.inl" />
    <None Include="imgui.ini" />
  </ItemGroup>
</Project>